
Microsoft Visual Studio Solution File, Format Version 12.00
# Visual Studio Version 16
VisualStudioVersion = 16.0.29613.14
MinimumVisualStudioVersion = 10.0.40219.1
Project("{FAE04EC0-301F-11D3-BF4B-00C04F79EFBC}") = "ShallowVsDeepCopy", "ShallowVsDeepCopy\ShallowVsDeepCopy.csproj", "{C79DAF6A-DE7D-465D-B9FD-B7CCA5379268}"
EndProject
Global
	GlobalSection(SolutionConfigurationPlatforms) = preSolution
		Debug|Any CPU = Debug|Any CPU
		Release|Any CPU = Release|Any CPU
	EndGlobalSection
	GlobalSection(ProjectConfigurationPlatforms) = postSolution
		{C79DAF6A-DE7D-465D-B9FD-B7CCA5379268}.Debug|Any CPU.ActiveCfg = Debug|Any CPU
		{C79DAF6A-DE7D-465D-B9FD-B7CCA5379268}.Debug|Any CPU.Build.0 = Debug|Any CPU
		{C79DAF6A-DE7D-465D-B9FD-B7CCA5379268}.Release|Any CPU.ActiveCfg = Release|Any CPU
		{C79DAF6A-DE7D-465D-B9FD-B7CCA5379268}.Release|Any CPU.Build.0 = Release|Any CPU
	EndGlobalSection
	GlobalSection(SolutionProperties) = preSolution
		HideSolutionNode = FALSE
	EndGlobalSection
	GlobalSection(ExtensibilityGlobals) = postSolution
		SolutionGuid = {61B69056-613E-4E4F-89CB-DC332D3B3912}
	EndGlobalSection
EndGlobal
